
Microsoft Visual Studio Solution File, Format Version 12.00
Project("{FAE04EC0-301F-11D3-BF4B-00C04F79EFBC}") = "AdministratorWeb", "AdministratorWeb\AdministratorWeb.csproj", "{A03A106C-8F0C-473C-9C41-A5C83C70EA7E}"
EndProject
Project("{FAE04EC0-301F-11D3-BF4B-00C04F79EFBC}") = "LineFollowerRobot", "LineFollowerRobot\LineFollowerRobot.csproj", "{B1F2E3D4-5C6A-4B7C-8D9E-0F1A2B3C4D5E}"
EndProject
Project("{FAE04EC0-301F-11D3-BF4B-00C04F79EFBC}") = "RobotProject.Shared", "RobotProject.Shared\RobotProject.Shared.csproj", "{C2F3D5E6-7A8B-4C9D-9E0F-1A2B3C4D5E6F}"
EndProject
Project("{FAE04EC0-301F-11D3-BF4B-00C04F79EFBC}") = "WeightTest", "WeightTest\WeightTest.csproj", "{51CEF760-A06C-4481-BC5E-4421A00E2D38}"
EndProject
Global
	GlobalSection(SolutionConfigurationPlatforms) = preSolution
		Debug|Any CPU = Debug|Any CPU
		Release|Any CPU = Release|Any CPU
	EndGlobalSection
	GlobalSection(ProjectConfigurationPlatforms) = postSolution
		{A03A106C-8F0C-473C-9C41-A5C83C70EA7E}.Debug|Any CPU.ActiveCfg = Debug|Any CPU
		{A03A106C-8F0C-473C-9C41-A5C83C70EA7E}.Debug|Any CPU.Build.0 = Debug|Any CPU
		{A03A106C-8F0C-473C-9C41-A5C83C70EA7E}.Release|Any CPU.ActiveCfg = Release|Any CPU
		{A03A106C-8F0C-473C-9C41-A5C83C70EA7E}.Release|Any CPU.Build.0 = Release|Any CPU
		{B1F2E3D4-5C6A-4B7C-8D9E-0F1A2B3C4D5E}.Debug|Any CPU.ActiveCfg = Debug|Any CPU
		{B1F2E3D4-5C6A-4B7C-8D9E-0F1A2B3C4D5E}.Debug|Any CPU.Build.0 = Debug|Any CPU
		{B1F2E3D4-5C6A-4B7C-8D9E-0F1A2B3C4D5E}.Release|Any CPU.ActiveCfg = Release|Any CPU
		{B1F2E3D4-5C6A-4B7C-8D9E-0F1A2B3C4D5E}.Release|Any CPU.Build.0 = Release|Any CPU
		{C2F3D5E6-7A8B-4C9D-9E0F-1A2B3C4D5E6F}.Debug|Any CPU.ActiveCfg = Debug|Any CPU
		{C2F3D5E6-7A8B-4C9D-9E0F-1A2B3C4D5E6F}.Debug|Any CPU.Build.0 = Debug|Any CPU
		{C2F3D5E6-7A8B-4C9D-9E0F-1A2B3C4D5E6F}.Release|Any CPU.ActiveCfg = Release|Any CPU
		{C2F3D5E6-7A8B-4C9D-9E0F-1A2B3C4D5E6F}.Release|Any CPU.Build.0 = Release|Any CPU
		{51CEF760-A06C-4481-BC5E-4421A00E2D38}.Debug|Any CPU.ActiveCfg = Debug|Any CPU
		{51CEF760-A06C-4481-BC5E-4421A00E2D38}.Debug|Any CPU.Build.0 = Debug|Any CPU
		{51CEF760-A06C-4481-BC5E-4421A00E2D38}.Release|Any CPU.ActiveCfg = Release|Any CPU
		{51CEF760-A06C-4481-BC5E-4421A00E2D38}.Release|Any CPU.Build.0 = Release|Any CPU
	EndGlobalSection
EndGlobal
